
Microsoft Visual Studio Solution File, Format Version 12.00
# Visual Studio 15
VisualStudioVersion = 15.0.28307.539
MinimumVisualStudioVersion = 10.0.40219.1
Project("{FAE04EC0-301F-11D3-BF4B-00C04F79EFBC}") = "GuessTheNumber", "GuessTheNumber\GuessTheNumber.csproj", "{E96CCF86-9EB5-430F-883C-BBA93471F6CE}"
EndProject
Global
	GlobalSection(SolutionConfigurationPlatforms) = preSolution
		Debug|Any CPU = Debug|Any CPU
		Release|Any CPU = Release|Any CPU
	EndGlobalSection
	GlobalSection(ProjectConfigurationPlatforms) = postSolution
		{E96CCF86-9EB5-430F-883C-BBA93471F6CE}.Debug|Any CPU.ActiveCfg = Debug|Any CPU
		{E96CCF86-9EB5-430F-883C-BBA93471F6CE}.Debug|Any CPU.Build.0 = Debug|Any CPU
		{E96CCF86-9EB5-430F-883C-BBA93471F6CE}.Release|Any CPU.ActiveCfg = Release|Any CPU
		{E96CCF86-9EB5-430F-883C-BBA93471F6CE}.Release|Any CPU.Build.0 = Release|Any CPU
	EndGlobalSection
	GlobalSection(SolutionProperties) = preSolution
		HideSolutionNode = FALSE
	EndGlobalSection
	GlobalSection(ExtensibilityGlobals) = postSolution
		SolutionGuid = {80A0A38C-172E-4C54-83E4-F1D269124C8F}
	EndGlobalSection
EndGlobal
